// !$*UTF8*$!
{
	archiveVersion = 1;
	classes = {
	};
	objectVersion = 46;
	objects = {

/* Begin PBXBuildFile section */
		654411991BEB147300473810 /* AppDelegate.swift in Sources */ = {isa = PBXBuildFile; fileRef = 654411981BEB147300473810 /* AppDelegate.swift */; };
		6544119B1BEB147300473810 /* ViewController.swift in Sources */ = {isa = PBXBuildFile; fileRef = 6544119A1BEB147300473810 /* ViewController.swift */; };
		6544119E1BEB147300473810 /* Main.storyboard in Resources */ = {isa = PBXBuildFile; fileRef = 6544119C1BEB147300473810 /* Main.storyboard */; };
		654411A01BEB147300473810 /* Assets.xcassets in Resources */ = {isa = PBXBuildFile; fileRef = 6544119F1BEB147300473810 /* Assets.xcassets */; };
		654411A31BEB147300473810 /* LaunchScreen.storyboard in Resources */ = {isa = PBXBuildFile; fileRef = 654411A11BEB147300473810 /* LaunchScreen.storyboard */; };
		654411AE1BEB147300473810 /* MVVMTutorialTests.swift in Sources */ = {isa = PBXBuildFile; fileRef = 654411AD1BEB147300473810 /* MVVMTutorialTests.swift */; };
		654411B91BEB147300473810 /* MVVMTutorialUITests.swift in Sources */ = {isa = PBXBuildFile; fileRef = 654411B81BEB147300473810 /* MVVMTutorialUITests.swift */; };
		654411CB1BEB152E00473810 /* ReactiveCocoa.framework in Frameworks */ = {isa = PBXBuildFile; fileRef = 654411C61BEB14E500473810 /* ReactiveCocoa.framework */; settings = {ASSET_TAGS = (); }; };
		654411CC1BEB152E00473810 /* ReactiveCocoa.framework in Frameworks */ = {isa = PBXBuildFile; fileRef = 654411C61BEB14E500473810 /* ReactiveCocoa.framework */; settings = {ASSET_TAGS = (); }; };
		654411CD1BEB153000473810 /* Result.framework in Frameworks */ = {isa = PBXBuildFile; fileRef = 654411C71BEB14E500473810 /* Result.framework */; settings = {ASSET_TAGS = (); }; };
		654411CE1BEB153000473810 /* Result.framework in Frameworks */ = {isa = PBXBuildFile; fileRef = 654411C71BEB14E500473810 /* Result.framework */; settings = {ASSET_TAGS = (); }; };
		654411D71BEB334F00473810 /* Http.swift in Sources */ = {isa = PBXBuildFile; fileRef = 654411D61BEB334F00473810 /* Http.swift */; settings = {ASSET_TAGS = (); }; };
		65716A8C1BEB690200BA6DBC /* GET.swift in Sources */ = {isa = PBXBuildFile; fileRef = 65716A8B1BEB690200BA6DBC /* GET.swift */; settings = {ASSET_TAGS = (); }; };
		65716A8F1BEB691C00BA6DBC /* POST.swift in Sources */ = {isa = PBXBuildFile; fileRef = 65716A8E1BEB691C00BA6DBC /* POST.swift */; settings = {ASSET_TAGS = (); }; };
		65716A911BEB697500BA6DBC /* Request.swift in Sources */ = {isa = PBXBuildFile; fileRef = 65716A901BEB697500BA6DBC /* Request.swift */; settings = {ASSET_TAGS = (); }; };
		65716A971BEB6DB300BA6DBC /* ViewModel.swift in Sources */ = {isa = PBXBuildFile; fileRef = 65716A961BEB6DB300BA6DBC /* ViewModel.swift */; settings = {ASSET_TAGS = (); }; };
		65716A9A1BEB812400BA6DBC /* Extensions.swift in Sources */ = {isa = PBXBuildFile; fileRef = 65716A991BEB812400BA6DBC /* Extensions.swift */; settings = {ASSET_TAGS = (); }; };
		65716A9C1BEB814E00BA6DBC /* AppError.swift in Sources */ = {isa = PBXBuildFile; fileRef = 65716A9B1BEB814E00BA6DBC /* AppError.swift */; settings = {ASSET_TAGS = (); }; };
		657D28FD1BEBB09F0072E6E1 /* UIKitExtensions.swift in Sources */ = {isa = PBXBuildFile; fileRef = 657D28FC1BEBB09F0072E6E1 /* UIKitExtensions.swift */; settings = {ASSET_TAGS = (); }; };
		658563591BED1E3D000FB3F9 /* Rex.framework in Frameworks */ = {isa = PBXBuildFile; fileRef = 658563551BED1E23000FB3F9 /* Rex.framework */; };
		6585635A1BED1E3D000FB3F9 /* Rex.framework in Embed Frameworks */ = {isa = PBXBuildFile; fileRef = 658563551BED1E23000FB3F9 /* Rex.framework */; settings = {ATTRIBUTES = (CodeSignOnCopy, RemoveHeadersOnCopy, ); }; };
		6585635B1BED1E3D000FB3F9 /* Decodable.framework in Frameworks */ = {isa = PBXBuildFile; fileRef = 6591D6CB1BEBBC1500165B82 /* Decodable.framework */; };
		6585635C1BED1E3D000FB3F9 /* Decodable.framework in Embed Frameworks */ = {isa = PBXBuildFile; fileRef = 6591D6CB1BEBBC1500165B82 /* Decodable.framework */; settings = {ATTRIBUTES = (CodeSignOnCopy, RemoveHeadersOnCopy, ); }; };
		6585635D1BED1E3D000FB3F9 /* Alamofire.framework in Frameworks */ = {isa = PBXBuildFile; fileRef = 654411DD1BEB361900473810 /* Alamofire.framework */; };
		6585635E1BED1E3D000FB3F9 /* Alamofire.framework in Embed Frameworks */ = {isa = PBXBuildFile; fileRef = 654411DD1BEB361900473810 /* Alamofire.framework */; settings = {ATTRIBUTES = (CodeSignOnCopy, RemoveHeadersOnCopy, ); }; };
		6585635F1BED1E3D000FB3F9 /* Swinject.framework in Frameworks */ = {isa = PBXBuildFile; fileRef = 654411D41BEB32F300473810 /* Swinject.framework */; };
		658563601BED1E3D000FB3F9 /* Swinject.framework in Embed Frameworks */ = {isa = PBXBuildFile; fileRef = 654411D41BEB32F300473810 /* Swinject.framework */; settings = {ATTRIBUTES = (CodeSignOnCopy, RemoveHeadersOnCopy, ); }; };
		658563611BED1E3D000FB3F9 /* ReactiveCocoa.framework in Frameworks */ = {isa = PBXBuildFile; fileRef = 654411C61BEB14E500473810 /* ReactiveCocoa.framework */; };
		658563621BED1E3D000FB3F9 /* ReactiveCocoa.framework in Embed Frameworks */ = {isa = PBXBuildFile; fileRef = 654411C61BEB14E500473810 /* ReactiveCocoa.framework */; settings = {ATTRIBUTES = (CodeSignOnCopy, RemoveHeadersOnCopy, ); }; };
		658563631BED1E3D000FB3F9 /* Result.framework in Frameworks */ = {isa = PBXBuildFile; fileRef = 654411C71BEB14E500473810 /* Result.framework */; };
		658563641BED1E3D000FB3F9 /* Result.framework in Embed Frameworks */ = {isa = PBXBuildFile; fileRef = 654411C71BEB14E500473810 /* Result.framework */; settings = {ATTRIBUTES = (CodeSignOnCopy, RemoveHeadersOnCopy, ); }; };
		6591D6CA1BEBBB9200165B82 /* User.swift in Sources */ = {isa = PBXBuildFile; fileRef = 6591D6C91BEBBB9200165B82 /* User.swift */; settings = {ASSET_TAGS = (); }; };
/* End PBXBuildFile section */

/* Begin PBXContainerItemProxy section */
		654411AA1BEB147300473810 /* PBXContainerItemProxy */ = {
			isa = PBXContainerItemProxy;
			containerPortal = 6544118D1BEB147300473810 /* Project object */;
			proxyType = 1;
			remoteGlobalIDString = 654411941BEB147300473810;
			remoteInfo = MVVMTutorial;
		};
		654411B51BEB147300473810 /* PBXContainerItemProxy */ = {
			isa = PBXContainerItemProxy;
			containerPortal = 6544118D1BEB147300473810 /* Project object */;
			proxyType = 1;
			remoteGlobalIDString = 654411941BEB147300473810;
			remoteInfo = MVVMTutorial;
		};
/* End PBXContainerItemProxy section */

/* Begin PBXCopyFilesBuildPhase section */
		658563651BED1E3D000FB3F9 /* Embed Frameworks */ = {
			isa = PBXCopyFilesBuildPhase;
			buildActionMask = 2147483647;
			dstPath = "";
			dstSubfolderSpec = 10;
			files = (
				6585635C1BED1E3D000FB3F9 /* Decodable.framework in Embed Frameworks */,
				658563601BED1E3D000FB3F9 /* Swinject.framework in Embed Frameworks */,
				6585635E1BED1E3D000FB3F9 /* Alamofire.framework in Embed Frameworks */,
				658563641BED1E3D000FB3F9 /* Result.framework in Embed Frameworks */,
				6585635A1BED1E3D000FB3F9 /* Rex.framework in Embed Frameworks */,
				658563621BED1E3D000FB3F9 /* ReactiveCocoa.framework in Embed Frameworks */,
			);
			name = "Embed Frameworks";
			runOnlyForDeploymentPostprocessing = 0;
		};
/* End PBXCopyFilesBuildPhase section */

/* Begin PBXFileReference section */
		654411951BEB147300473810 /* MVVMTutorial.app */ = {isa = PBXFileReference; explicitFileType = wrapper.application; includeInIndex = 0; path = MVVMTutorial.app; sourceTree = BUILT_PRODUCTS_DIR; };
		654411981BEB147300473810 /* AppDelegate.swift */ = {isa = PBXFileReference; lastKnownFileType = sourcecode.swift; path = AppDelegate.swift; sourceTree = "<group>"; };
		6544119A1BEB147300473810 /* ViewController.swift */ = {isa = PBXFileReference; lastKnownFileType = sourcecode.swift; path = ViewController.swift; sourceTree = "<group>"; };
		6544119D1BEB147300473810 /* Base */ = {isa = PBXFileReference; lastKnownFileType = file.storyboard; name = Base; path = Base.lproj/Main.storyboard; sourceTree = "<group>"; };
		6544119F1BEB147300473810 /* Assets.xcassets */ = {isa = PBXFileReference; lastKnownFileType = folder.assetcatalog; path = Assets.xcassets; sourceTree = "<group>"; };
		654411A21BEB147300473810 /* Base */ = {isa = PBXFileReference; lastKnownFileType = file.storyboard; name = Base; path = Base.lproj/LaunchScreen.storyboard; sourceTree = "<group>"; };
		654411A41BEB147300473810 /* Info.plist */ = {isa = PBXFileReference; lastKnownFileType = text.plist.xml; path = Info.plist; sourceTree = "<group>"; };
		654411A91BEB147300473810 /* MVVMTutorialTests.xctest */ = {isa = PBXFileReference; explicitFileType = wrapper.cfbundle; includeInIndex = 0; path = MVVMTutorialTests.xctest; sourceTree = BUILT_PRODUCTS_DIR; };
		654411AD1BEB147300473810 /* MVVMTutorialTests.swift */ = {isa = PBXFileReference; lastKnownFileType = sourcecode.swift; path = MVVMTutorialTests.swift; sourceTree = "<group>"; };
		654411AF1BEB147300473810 /* Info.plist */ = {isa = PBXFileReference; lastKnownFileType = text.plist.xml; path = Info.plist; sourceTree = "<group>"; };
		654411B41BEB147300473810 /* MVVMTutorialUITests.xctest */ = {isa = PBXFileReference; explicitFileType = wrapper.cfbundle; includeInIndex = 0; path = MVVMTutorialUITests.xctest; sourceTree = BUILT_PRODUCTS_DIR; };
		654411B81BEB147300473810 /* MVVMTutorialUITests.swift */ = {isa = PBXFileReference; lastKnownFileType = sourcecode.swift; path = MVVMTutorialUITests.swift; sourceTree = "<group>"; };
		654411BA1BEB147300473810 /* Info.plist */ = {isa = PBXFileReference; lastKnownFileType = text.plist.xml; path = Info.plist; sourceTree = "<group>"; };
		654411C61BEB14E500473810 /* ReactiveCocoa.framework */ = {isa = PBXFileReference; lastKnownFileType = wrapper.framework; name = ReactiveCocoa.framework; path = ../../../../../daniel/code/swift/MVVMTutorial/Carthage/Build/iOS/ReactiveCocoa.framework; sourceTree = "<group>"; };
		654411C71BEB14E500473810 /* Result.framework */ = {isa = PBXFileReference; lastKnownFileType = wrapper.framework; name = Result.framework; path = ../../../../../daniel/code/swift/MVVMTutorial/Carthage/Build/iOS/Result.framework; sourceTree = "<group>"; };
		654411D41BEB32F300473810 /* Swinject.framework */ = {isa = PBXFileReference; lastKnownFileType = wrapper.framework; name = Swinject.framework; path = Carthage/Build/iOS/Swinject.framework; sourceTree = SOURCE_ROOT; };
		654411D61BEB334F00473810 /* Http.swift */ = {isa = PBXFileReference; fileEncoding = 4; lastKnownFileType = sourcecode.swift; name = Http.swift; path = ../../../../../Daniel/code/swift/MVVMTutorial/MVVMTutorial/Http.swift; sourceTree = "<group>"; };
		654411DD1BEB361900473810 /* Alamofire.framework */ = {isa = PBXFileReference; lastKnownFileType = wrapper.framework; name = Alamofire.framework; path = Carthage/Build/iOS/Alamofire.framework; sourceTree = SOURCE_ROOT; };
		65716A8B1BEB690200BA6DBC /* GET.swift */ = {isa = PBXFileReference; fileEncoding = 4; lastKnownFileType = sourcecode.swift; name = GET.swift; path = ../../../../../Daniel/code/swift/MVVMTutorial/MVVMTutorial/GET.swift; sourceTree = "<group>"; };
		65716A8E1BEB691C00BA6DBC /* POST.swift */ = {isa = PBXFileReference; fileEncoding = 4; lastKnownFileType = sourcecode.swift; name = POST.swift; path = ../../../../../Daniel/code/swift/MVVMTutorial/MVVMTutorial/POST.swift; sourceTree = "<group>"; };
		65716A901BEB697500BA6DBC /* Request.swift */ = {isa = PBXFileReference; fileEncoding = 4; lastKnownFileType = sourcecode.swift; name = Request.swift; path = ../../../../../Daniel/code/swift/MVVMTutorial/MVVMTutorial/Request.swift; sourceTree = "<group>"; };
		65716A961BEB6DB300BA6DBC /* ViewModel.swift */ = {isa = PBXFileReference; fileEncoding = 4; lastKnownFileType = sourcecode.swift; name = ViewModel.swift; path = ../../../../../Daniel/code/swift/MVVMTutorial/MVVMTutorial/ViewModel.swift; sourceTree = "<group>"; };
		65716A991BEB812400BA6DBC /* Extensions.swift */ = {isa = PBXFileReference; fileEncoding = 4; lastKnownFileType = sourcecode.swift; name = Extensions.swift; path = ../../../../../Daniel/code/swift/MVVMTutorial/MVVMTutorial/Extensions.swift; sourceTree = "<group>"; };
		65716A9B1BEB814E00BA6DBC /* AppError.swift */ = {isa = PBXFileReference; fileEncoding = 4; lastKnownFileType = sourcecode.swift; name = AppError.swift; path = ../../../../../Daniel/code/swift/MVVMTutorial/MVVMTutorial/AppError.swift; sourceTree = "<group>"; };
		657D28FC1BEBB09F0072E6E1 /* UIKitExtensions.swift */ = {isa = PBXFileReference; fileEncoding = 4; lastKnownFileType = sourcecode.swift; name = UIKitExtensions.swift; path = ../../../../../Daniel/code/swift/MVVMTutorial/MVVMTutorial/UIKitExtensions.swift; sourceTree = "<group>"; };
		658563551BED1E23000FB3F9 /* Rex.framework */ = {isa = PBXFileReference; lastKnownFileType = wrapper.framework; name = Rex.framework; path = Carthage/Build/iOS/Rex.framework; sourceTree = SOURCE_ROOT; };
		6591D6C91BEBBB9200165B82 /* User.swift */ = {isa = PBXFileReference; fileEncoding = 4; lastKnownFileType = sourcecode.swift; name = User.swift; path = ../../../../../Daniel/code/swift/MVVMTutorial/MVVMTutorial/User.swift; sourceTree = "<group>"; };
		6591D6CB1BEBBC1500165B82 /* Decodable.framework */ = {isa = PBXFileReference; lastKnownFileType = wrapper.framework; name = Decodable.framework; path = Carthage/Build/iOS/Decodable.framework; sourceTree = SOURCE_ROOT; };
/* End PBXFileReference section */

/* Begin PBXFrameworksBuildPhase section */
		654411921BEB147300473810 /* Frameworks */ = {
			isa = PBXFrameworksBuildPhase;
			buildActionMask = 2147483647;
			files = (
				6585635B1BED1E3D000FB3F9 /* Decodable.framework in Frameworks */,
				6585635F1BED1E3D000FB3F9 /* Swinject.framework in Frameworks */,
				6585635D1BED1E3D000FB3F9 /* Alamofire.framework in Frameworks */,
				658563631BED1E3D000FB3F9 /* Result.framework in Frameworks */,
				658563591BED1E3D000FB3F9 /* Rex.framework in Frameworks */,
				658563611BED1E3D000FB3F9 /* ReactiveCocoa.framework in Frameworks */,
			);
			runOnlyForDeploymentPostprocessing = 0;
		};
		654411A61BEB147300473810 /* Frameworks */ = {
			isa = PBXFrameworksBuildPhase;
			buildActionMask = 2147483647;
			files = (
				654411CB1BEB152E00473810 /* ReactiveCocoa.framework in Frameworks */,
				654411CD1BEB153000473810 /* Result.framework in Frameworks */,
			);
			runOnlyForDeploymentPostprocessing = 0;
		};
		654411B11BEB147300473810 /* Frameworks */ = {
			isa = PBXFrameworksBuildPhase;
			buildActionMask = 2147483647;
			files = (
				654411CC1BEB152E00473810 /* ReactiveCocoa.framework in Frameworks */,
				654411CE1BEB153000473810 /* Result.framework in Frameworks */,
			);
			runOnlyForDeploymentPostprocessing = 0;
		};
/* End PBXFrameworksBuildPhase section */

/* Begin PBXGroup section */
		6544118C1BEB147300473810 = {
			isa = PBXGroup;
			children = (
				654411971BEB147300473810 /* MVVMTutorial */,
				654411AC1BEB147300473810 /* MVVMTutorialTests */,
				654411B71BEB147300473810 /* MVVMTutorialUITests */,
				654411961BEB147300473810 /* Products */,
			);
			sourceTree = "<group>";
		};
		654411961BEB147300473810 /* Products */ = {
			isa = PBXGroup;
			children = (
				654411951BEB147300473810 /* MVVMTutorial.app */,
				654411A91BEB147300473810 /* MVVMTutorialTests.xctest */,
				654411B41BEB147300473810 /* MVVMTutorialUITests.xctest */,
			);
			name = Products;
			sourceTree = "<group>";
		};
		654411971BEB147300473810 /* MVVMTutorial */ = {
			isa = PBXGroup;
			children = (
				654411981BEB147300473810 /* AppDelegate.swift */,
				6544119A1BEB147300473810 /* ViewController.swift */,
				65716A961BEB6DB300BA6DBC /* ViewModel.swift */,
				65716A991BEB812400BA6DBC /* Extensions.swift */,
				657D28FC1BEBB09F0072E6E1 /* UIKitExtensions.swift */,
				65716A9B1BEB814E00BA6DBC /* AppError.swift */,
				6591D6C81BEBBB8C00165B82 /* Model */,
				65716A8A1BEB68CE00BA6DBC /* Http */,
				6544119C1BEB147300473810 /* Main.storyboard */,
				654411CA1BEB14E900473810 /* Frameworks */,
				654411D81BEB335E00473810 /* SupportingFiles */,
			);
			path = MVVMTutorial;
			sourceTree = "<group>";
		};
		654411AC1BEB147300473810 /* MVVMTutorialTests */ = {
			isa = PBXGroup;
			children = (
				654411AD1BEB147300473810 /* MVVMTutorialTests.swift */,
				654411AF1BEB147300473810 /* Info.plist */,
			);
			path = MVVMTutorialTests;
			sourceTree = "<group>";
		};
		654411B71BEB147300473810 /* MVVMTutorialUITests */ = {
			isa = PBXGroup;
			children = (
				654411B81BEB147300473810 /* MVVMTutorialUITests.swift */,
				654411BA1BEB147300473810 /* Info.plist */,
			);
			path = MVVMTutorialUITests;
			sourceTree = "<group>";
		};
		654411CA1BEB14E900473810 /* Frameworks */ = {
			isa = PBXGroup;
			children = (
				658563551BED1E23000FB3F9 /* Rex.framework */,
				6591D6CB1BEBBC1500165B82 /* Decodable.framework */,
				654411DD1BEB361900473810 /* Alamofire.framework */,
				654411D41BEB32F300473810 /* Swinject.framework */,
				654411C61BEB14E500473810 /* ReactiveCocoa.framework */,
				654411C71BEB14E500473810 /* Result.framework */,
			);
			name = Frameworks;
			sourceTree = "<group>";
		};
		654411D81BEB335E00473810 /* SupportingFiles */ = {
			isa = PBXGroup;
			children = (
				6544119F1BEB147300473810 /* Assets.xcassets */,
				654411A11BEB147300473810 /* LaunchScreen.storyboard */,
				654411A41BEB147300473810 /* Info.plist */,
			);
			name = SupportingFiles;
			sourceTree = "<group>";
		};
		65716A8A1BEB68CE00BA6DBC /* Http */ = {
			isa = PBXGroup;
			children = (
				65716A8D1BEB690800BA6DBC /* Request */,
				654411D61BEB334F00473810 /* Http.swift */,
			);
			name = Http;
			sourceTree = "<group>";
		};
		65716A8D1BEB690800BA6DBC /* Request */ = {
			isa = PBXGroup;
			children = (
				65716A8B1BEB690200BA6DBC /* GET.swift */,
				65716A8E1BEB691C00BA6DBC /* POST.swift */,
				65716A901BEB697500BA6DBC /* Request.swift */,
			);
			name = Request;
			sourceTree = "<group>";
		};
		6591D6C81BEBBB8C00165B82 /* Model */ = {
			isa = PBXGroup;
			children = (
				6591D6C91BEBBB9200165B82 /* User.swift */,
			);
			name = Model;
			sourceTree = "<group>";
		};
/* End PBXGroup section */

/* Begin PBXNativeTarget section */
		654411941BEB147300473810 /* MVVMTutorial */ = {
			isa = PBXNativeTarget;
			buildConfigurationList = 654411BD1BEB147300473810 /* Build configuration list for PBXNativeTarget "MVVMTutorial" */;
			buildPhases = (
				654411911BEB147300473810 /* Sources */,
				654411921BEB147300473810 /* Frameworks */,
				654411931BEB147300473810 /* Resources */,
				658563651BED1E3D000FB3F9 /* Embed Frameworks */,
			);
			buildRules = (
			);
			dependencies = (
			);
			name = MVVMTutorial;
			productName = MVVMTutorial;
			productReference = 654411951BEB147300473810 /* MVVMTutorial.app */;
			productType = "com.apple.product-type.application";
		};
		654411A81BEB147300473810 /* MVVMTutorialTests */ = {
			isa = PBXNativeTarget;
			buildConfigurationList = 654411C01BEB147300473810 /* Build configuration list for PBXNativeTarget "MVVMTutorialTests" */;
			buildPhases = (
				654411A51BEB147300473810 /* Sources */,
				654411A61BEB147300473810 /* Frameworks */,
				654411A71BEB147300473810 /* Resources */,
			);
			buildRules = (
			);
			dependencies = (
				654411AB1BEB147300473810 /* PBXTargetDependency */,
			);
			name = MVVMTutorialTests;
			productName = MVVMTutorialTests;
			productReference = 654411A91BEB147300473810 /* MVVMTutorialTests.xctest */;
			productType = "com.apple.product-type.bundle.unit-test";
		};
		654411B31BEB147300473810 /* MVVMTutorialUITests */ = {
			isa = PBXNativeTarget;
			buildConfigurationList = 654411C31BEB147300473810 /* Build configuration list for PBXNativeTarget "MVVMTutorialUITests" */;
			buildPhases = (
				654411B01BEB147300473810 /* Sources */,
				654411B11BEB147300473810 /* Frameworks */,
				654411B21BEB147300473810 /* Resources */,
			);
			buildRules = (
			);
			dependencies = (
				654411B61BEB147300473810 /* PBXTargetDependency */,
			);
			name = MVVMTutorialUITests;
			productName = MVVMTutorialUITests;
			productReference = 654411B41BEB147300473810 /* MVVMTutorialUITests.xctest */;
			productType = "com.apple.product-type.bundle.ui-testing";
		};
/* End PBXNativeTarget section */

/* Begin PBXProject section */
		6544118D1BEB147300473810 /* Project object */ = {
			isa = PBXProject;
			attributes = {
				LastUpgradeCheck = 0700;
				ORGANIZATIONNAME = "Daniel Shin";
				TargetAttributes = {
					654411941BEB147300473810 = {
						CreatedOnToolsVersion = 7.0;
					};
					654411A81BEB147300473810 = {
						CreatedOnToolsVersion = 7.0;
						TestTargetID = 654411941BEB147300473810;
					};
					654411B31BEB147300473810 = {
						CreatedOnToolsVersion = 7.0;
						TestTargetID = 654411941BEB147300473810;
					};
				};
			};
			buildConfigurationList = 654411901BEB147300473810 /* Build configuration list for PBXProject "MVVMTutorial" */;
			compatibilityVersion = "Xcode 3.2";
			developmentRegion = English;
			hasScannedForEncodings = 0;
			knownRegions = (
				en,
				Base,
			);
			mainGroup = 6544118C1BEB147300473810;
			productRefGroup = 654411961BEB147300473810 /* Products */;
			projectDirPath = "";
			projectRoot = "";
			targets = (
				654411941BEB147300473810 /* MVVMTutorial */,
				654411A81BEB147300473810 /* MVVMTutorialTests */,
				654411B31BEB147300473810 /* MVVMTutorialUITests */,
			);
		};
/* End PBXProject section */

/* Begin PBXResourcesBuildPhase section */
		654411931BEB147300473810 /* Resources */ = {
			isa = PBXResourcesBuildPhase;
			buildActionMask = 2147483647;
			files = (
				654411A31BEB147300473810 /* LaunchScreen.storyboard in Resources */,
				654411A01BEB147300473810 /* Assets.xcassets in Resources */,
				6544119E1BEB147300473810 /* Main.storyboard in Resources */,
			);
			runOnlyForDeploymentPostprocessing = 0;
		};
		654411A71BEB147300473810 /* Resources */ = {
			isa = PBXResourcesBuildPhase;
			buildActionMask = 2147483647;
			files = (
			);
			runOnlyForDeploymentPostprocessing = 0;
		};
		654411B21BEB147300473810 /* Resources */ = {
			isa = PBXResourcesBuildPhase;
			buildActionMask = 2147483647;
			files = (
			);
			runOnlyForDeploymentPostprocessing = 0;
		};
/* End PBXResourcesBuildPhase section */

/* Begin PBXSourcesBuildPhase section */
		654411911BEB147300473810 /* Sources */ = {
			isa = PBXSourcesBuildPhase;
			buildActionMask = 2147483647;
			files = (
				65716A8F1BEB691C00BA6DBC /* POST.swift in Sources */,
				65716A971BEB6DB300BA6DBC /* ViewModel.swift in Sources */,
				65716A9C1BEB814E00BA6DBC /* AppError.swift in Sources */,
				65716A8C1BEB690200BA6DBC /* GET.swift in Sources */,
				657D28FD1BEBB09F0072E6E1 /* UIKitExtensions.swift in Sources */,
				65716A9A1BEB812400BA6DBC /* Extensions.swift in Sources */,
				6544119B1BEB147300473810 /* ViewController.swift in Sources */,
				654411991BEB147300473810 /* AppDelegate.swift in Sources */,
				65716A911BEB697500BA6DBC /* Request.swift in Sources */,
				654411D71BEB334F00473810 /* Http.swift in Sources */,
				6591D6CA1BEBBB9200165B82 /* User.swift in Sources */,
			);
			runOnlyForDeploymentPostprocessing = 0;
		};
		654411A51BEB147300473810 /* Sources */ = {
			isa = PBXSourcesBuildPhase;
			buildActionMask = 2147483647;
			files = (
				654411AE1BEB147300473810 /* MVVMTutorialTests.swift in Sources */,
			);
			runOnlyForDeploymentPostprocessing = 0;
		};
		654411B01BEB147300473810 /* Sources */ = {
			isa = PBXSourcesBuildPhase;
			buildActionMask = 2147483647;
			files = (
				654411B91BEB147300473810 /* MVVMTutorialUITests.swift in Sources */,
			);
			runOnlyForDeploymentPostprocessing = 0;
		};
/* End PBXSourcesBuildPhase section */

/* Begin PBXTargetDependency section */
		654411AB1BEB147300473810 /* PBXTargetDependency */ = {
			isa = PBXTargetDependency;
			target = 654411941BEB147300473810 /* MVVMTutorial */;
			targetProxy = 654411AA1BEB147300473810 /* PBXContainerItemProxy */;
		};
		654411B61BEB147300473810 /* PBXTargetDependency */ = {
			isa = PBXTargetDependency;
			target = 654411941BEB147300473810 /* MVVMTutorial */;
			targetProxy = 654411B51BEB147300473810 /* PBXContainerItemProxy */;
		};
/* End PBXTargetDependency section */

/* Begin PBXVariantGroup section */
		6544119C1BEB147300473810 /* Main.storyboard */ = {
			isa = PBXVariantGroup;
			children = (
				6544119D1BEB147300473810 /* Base */,
			);
			name = Main.storyboard;
			sourceTree = "<group>";
		};
		654411A11BEB147300473810 /* LaunchScreen.storyboard */ = {
			isa = PBXVariantGroup;
			children = (
				654411A21BEB147300473810 /* Base */,
			);
			name = LaunchScreen.storyboard;
			sourceTree = "<group>";
		};
/* End PBXVariantGroup section */

/* Begin XCBuildConfiguration section */
		654411BB1BEB147300473810 /* Debug */ = {
			isa = XCBuildConfiguration;
			buildSettings = {
				ALWAYS_SEARCH_USER_PATHS = NO;
				CLANG_CXX_LANGUAGE_STANDARD = "gnu++0x";
				CLANG_CXX_LIBRARY = "libc++";
				CLANG_ENABLE_MODULES = YES;
				CLANG_ENABLE_OBJC_ARC = YES;
				CLANG_WARN_BOOL_CONVERSION = YES;
				CLANG_WARN_CONSTANT_CONVERSION = YES;
				CLANG_WARN_DIRECT_OBJC_ISA_USAGE = YES_ERROR;
				CLANG_WARN_EMPTY_BODY = YES;
				CLANG_WARN_ENUM_CONVERSION = YES;
				CLANG_WARN_INT_CONVERSION = YES;
				CLANG_WARN_OBJC_ROOT_CLASS = YES_ERROR;
				CLANG_WARN_UNREACHABLE_CODE = YES;
				CLANG_WARN__DUPLICATE_METHOD_MATCH = YES;
				"CODE_SIGN_IDENTITY[sdk=iphoneos*]" = "iPhone Developer";
				COPY_PHASE_STRIP = NO;
				DEBUG_INFORMATION_FORMAT = dwarf;
				ENABLE_STRICT_OBJC_MSGSEND = YES;
				ENABLE_TESTABILITY = YES;
				GCC_C_LANGUAGE_STANDARD = gnu99;
				GCC_DYNAMIC_NO_PIC = NO;
				GCC_NO_COMMON_BLOCKS = YES;
				GCC_OPTIMIZATION_LEVEL = 0;
				GCC_PREPROCESSOR_DEFINITIONS = (
					"DEBUG=1",
					"$(inherited)",
				);
				GCC_WARN_64_TO_32_BIT_CONVERSION = YES;
				GCC_WARN_ABOUT_RETURN_TYPE = YES_ERROR;
				GCC_WARN_UNDECLARED_SELECTOR = YES;
				GCC_WARN_UNINITIALIZED_AUTOS = YES_AGGRESSIVE;
				GCC_WARN_UNUSED_FUNCTION = YES;
				GCC_WARN_UNUSED_VARIABLE = YES;
				IPHONEOS_DEPLOYMENT_TARGET = 9.0;
				MTL_ENABLE_DEBUG_INFO = YES;
				ONLY_ACTIVE_ARCH = YES;
				SDKROOT = iphoneos;
				SWIFT_OPTIMIZATION_LEVEL = "-Onone";
			};
			name = Debug;
		};
		654411BC1BEB147300473810 /* Release */ = {
			isa = XCBuildConfiguration;
			buildSettings = {
				ALWAYS_SEARCH_USER_PATHS = NO;
				CLANG_CXX_LANGUAGE_STANDARD = "gnu++0x";
				CLANG_CXX_LIBRARY = "libc++";
				CLANG_ENABLE_MODULES = YES;
				CLANG_ENABLE_OBJC_ARC = YES;
				CLANG_WARN_BOOL_CONVERSION = YES;
				CLANG_WARN_CONSTANT_CONVERSION = YES;
				CLANG_WARN_DIRECT_OBJC_ISA_USAGE = YES_ERROR;
				CLANG_WARN_EMPTY_BODY = YES;
				CLANG_WARN_ENUM_CONVERSION = YES;
				CLANG_WARN_INT_CONVERSION = YES;
				CLANG_WARN_OBJC_ROOT_CLASS = YES_ERROR;
				CLANG_WARN_UNREACHABLE_CODE = YES;
				CLANG_WARN__DUPLICATE_METHOD_MATCH = YES;
				"CODE_SIGN_IDENTITY[sdk=iphoneos*]" = "iPhone Developer";
				COPY_PHASE_STRIP = NO;
				DEBUG_INFORMATION_FORMAT = "dwarf-with-dsym";
				ENABLE_NS_ASSERTIONS = NO;
				ENABLE_STRICT_OBJC_MSGSEND = YES;
				GCC_C_LANGUAGE_STANDARD = gnu99;
				GCC_NO_COMMON_BLOCKS = YES;
				GCC_WARN_64_TO_32_BIT_CONVERSION = YES;
				GCC_WARN_ABOUT_RETURN_TYPE = YES_ERROR;
				GCC_WARN_UNDECLARED_SELECTOR = YES;
				GCC_WARN_UNINITIALIZED_AUTOS = YES_AGGRESSIVE;
				GCC_WARN_UNUSED_FUNCTION = YES;
				GCC_WARN_UNUSED_VARIABLE = YES;
				IPHONEOS_DEPLOYMENT_TARGET = 9.0;
				MTL_ENABLE_DEBUG_INFO = NO;
				SDKROOT = iphoneos;
				VALIDATE_PRODUCT = YES;
			};
			name = Release;
		};
		654411BE1BEB147300473810 /* Debug */ = {
			isa = XCBuildConfiguration;
			buildSettings = {
				ASSETCATALOG_COMPILER_APPICON_NAME = AppIcon;
				FRAMEWORK_SEARCH_PATHS = (
					"$(inherited)",
					"$(PROJECT_DIR)/Carthage/Build/iOS",
				);
				INFOPLIST_FILE = MVVMTutorial/Info.plist;
				IPHONEOS_DEPLOYMENT_TARGET = 8.0;
				LD_RUNPATH_SEARCH_PATHS = "$(inherited) @executable_path/Frameworks";
				PRODUCT_BUNDLE_IDENTIFIER = com.daniel.MVVMTutorial;
				PRODUCT_NAME = "$(TARGET_NAME)";
			};
			name = Debug;
		};
		654411BF1BEB147300473810 /* Release */ = {
			isa = XCBuildConfiguration;
			buildSettings = {
				ASSETCATALOG_COMPILER_APPICON_NAME = AppIcon;
				FRAMEWORK_SEARCH_PATHS = (
					"$(inherited)",
					"$(PROJECT_DIR)/Carthage/Build/iOS",
				);
				INFOPLIST_FILE = MVVMTutorial/Info.plist;
				IPHONEOS_DEPLOYMENT_TARGET = 8.0;
				LD_RUNPATH_SEARCH_PATHS = "$(inherited) @executable_path/Frameworks";
				PRODUCT_BUNDLE_IDENTIFIER = com.daniel.MVVMTutorial;
				PRODUCT_NAME = "$(TARGET_NAME)";
			};
			name = Release;
		};
		654411C11BEB147300473810 /* Debug */ = {
			isa = XCBuildConfiguration;
			buildSettings = {
				BUNDLE_LOADER = "$(TEST_HOST)";
				FRAMEWORK_SEARCH_PATHS = (
					"$(inherited)",
					"$(PROJECT_DIR)/Carthage/Build/iOS",
				);
				INFOPLIST_FILE = MVVMTutorialTests/Info.plist;
				LD_RUNPATH_SEARCH_PATHS = "$(inherited) @executable_path/Frameworks @loader_path/Frameworks";
				PRODUCT_BUNDLE_IDENTIFIER = com.daniel.MVVMTutorialTests;
				PRODUCT_NAME = "$(TARGET_NAME)";
				TEST_HOST = "$(BUILT_PRODUCTS_DIR)/MVVMTutorial.app/MVVMTutorial";
			};
			name = Debug;
		};
		654411C21BEB147300473810 /* Release */ = {
			isa = XCBuildConfiguration;
			buildSettings = {
				BUNDLE_LOADER = "$(TEST_HOST)";
				FRAMEWORK_SEARCH_PATHS = (
					"$(inherited)",
					"$(PROJECT_DIR)/Carthage/Build/iOS",
				);
				INFOPLIST_FILE = MVVMTutorialTests/Info.plist;
				LD_RUNPATH_SEARCH_PATHS = "$(inherited) @executable_path/Frameworks @loader_path/Frameworks";
				PRODUCT_BUNDLE_IDENTIFIER = com.daniel.MVVMTutorialTests;
				PRODUCT_NAME = "$(TARGET_NAME)";
				TEST_HOST = "$(BUILT_PRODUCTS_DIR)/MVVMTutorial.app/MVVMTutorial";
			};
			name = Release;
		};
		654411C41BEB147300473810 /* Debug */ = {
			isa = XCBuildConfiguration;
			buildSettings = {
				FRAMEWORK_SEARCH_PATHS = (
					"$(inherited)",
					"$(PROJECT_DIR)/Carthage/Build/iOS",
				);
				INFOPLIST_FILE = MVVMTutorialUITests/Info.plist;
				LD_RUNPATH_SEARCH_PATHS = "$(inherited) @executable_path/Frameworks @loader_path/Frameworks";
				PRODUCT_BUNDLE_IDENTIFIER = com.daniel.MVVMTutorialUITests;
				PRODUCT_NAME = "$(TARGET_NAME)";
				TEST_TARGET_NAME = MVVMTutorial;
				USES_XCTRUNNER = YES;
			};
			name = Debug;
		};
		654411C51BEB147300473810 /* Release */ = {
			isa = XCBuildConfiguration;
			buildSettings = {
				FRAMEWORK_SEARCH_PATHS = (
					"$(inherited)",
					"$(PROJECT_DIR)/Carthage/Build/iOS",
				);
				INFOPLIST_FILE = MVVMTutorialUITests/Info.plist;
				LD_RUNPATH_SEARCH_PATHS = "$(inherited) @executable_path/Frameworks @loader_path/Frameworks";
				PRODUCT_BUNDLE_IDENTIFIER = com.daniel.MVVMTutorialUITests;
				PRODUCT_NAME = "$(TARGET_NAME)";
				TEST_TARGET_NAME = MVVMTutorial;
				USES_XCTRUNNER = YES;
			};
			name = Release;
		};
/* End XCBuildConfiguration section */

/* Begin XCConfigurationList section */
		654411901BEB147300473810 /* Build configuration list for PBXProject "MVVMTutorial" */ = {
			isa = XCConfigurationList;
			buildConfigurations = (
				654411BB1BEB147300473810 /* Debug */,
				654411BC1BEB147300473810 /* Release */,
			);
			defaultConfigurationIsVisible = 0;
			defaultConfigurationName = Release;
		};
		654411BD1BEB147300473810 /* Build configuration list for PBXNativeTarget "MVVMTutorial" */ = {
			isa = XCConfigurationList;
			buildConfigurations = (
				654411BE1BEB147300473810 /* Debug */,
				654411BF1BEB147300473810 /* Release */,
			);
			defaultConfigurationIsVisible = 0;
			defaultConfigurationName = Release;
		};
		654411C01BEB147300473810 /* Build configuration list for PBXNativeTarget "MVVMTutorialTests" */ = {
			isa = XCConfigurationList;
			buildConfigurations = (
				654411C11BEB147300473810 /* Debug */,
				654411C21BEB147300473810 /* Release */,
			);
			defaultConfigurationIsVisible = 0;
			defaultConfigurationName = Release;
		};
		654411C31BEB147300473810 /* Build configuration list for PBXNativeTarget "MVVMTutorialUITests" */ = {
			isa = XCConfigurationList;
			buildConfigurations = (
				654411C41BEB147300473810 /* Debug */,
				654411C51BEB147300473810 /* Release */,
			);
			defaultConfigurationIsVisible = 0;
			defaultConfigurationName = Release;
		};
/* End XCConfigurationList section */
	};
	rootObject = 6544118D1BEB147300473810 /* Project object */;
}
